
Microsoft Visual Studio Solution File, Format Version 12.00
# Visual Studio Version 16
VisualStudioVersion = 25.0.1706.7
MinimumVisualStudioVersion = 10.0.40219.1
Project("{FAE04EC0-301F-11D3-BF4B-00C04F79EFBC}") = "CoffeeShop", "CoffeeShop\CoffeeShop.csproj", "{8B5F69D8-A9AB-46FA-9065-847C2D66AAFA}"
EndProject
Global
	GlobalSection(SolutionConfigurationPlatforms) = preSolution
		Debug|Any CPU = Debug|Any CPU
		Release|Any CPU = Release|Any CPU
	EndGlobalSection
	GlobalSection(ProjectConfigurationPlatforms) = postSolution
		{8B5F69D8-A9AB-46FA-9065-847C2D66AAFA}.Debug|Any CPU.ActiveCfg = Debug|Any CPU
		{8B5F69D8-A9AB-46FA-9065-847C2D66AAFA}.Debug|Any CPU.Build.0 = Debug|Any CPU
		{8B5F69D8-A9AB-46FA-9065-847C2D66AAFA}.Release|Any CPU.ActiveCfg = Release|Any CPU
		{8B5F69D8-A9AB-46FA-9065-847C2D66AAFA}.Release|Any CPU.Build.0 = Release|Any CPU
	EndGlobalSection
	GlobalSection(SolutionProperties) = preSolution
		HideSolutionNode = FALSE
	EndGlobalSection
	GlobalSection(ExtensibilityGlobals) = postSolution
		SolutionGuid = {64FDE685-C59B-4A4E-B7B1-6050C43A04BA}
	EndGlobalSection
EndGlobal
